
Microsoft Visual Studio Solution File, Format Version 12.00
# Visual Studio Version 17
VisualStudioVersion = 17.7.34024.191
MinimumVisualStudioVersion = 10.0.40219.1
Project("{FAE04EC0-301F-11D3-BF4B-00C04F79EFBC}") = "Malario", "Malario\Malario.csproj", "{549923F8-B2FD-4209-856A-B360E887C73A}"
EndProject
Global
	GlobalSection(SolutionConfigurationPlatforms) = preSolution
		Debug|Any CPU = Debug|Any CPU
		Release|Any CPU = Release|Any CPU
	EndGlobalSection
	GlobalSection(ProjectConfigurationPlatforms) = postSolution
		{549923F8-B2FD-4209-856A-B360E887C73A}.Debug|Any CPU.ActiveCfg = Debug|Any CPU
		{549923F8-B2FD-4209-856A-B360E887C73A}.Debug|Any CPU.Build.0 = Debug|Any CPU
		{549923F8-B2FD-4209-856A-B360E887C73A}.Release|Any CPU.ActiveCfg = Release|Any CPU
		{549923F8-B2FD-4209-856A-B360E887C73A}.Release|Any CPU.Build.0 = Release|Any CPU
	EndGlobalSection
	GlobalSection(SolutionProperties) = preSolution
		HideSolutionNode = FALSE
	EndGlobalSection
	GlobalSection(ExtensibilityGlobals) = postSolution
		SolutionGuid = {A5071D3B-A754-4D8F-9A27-A190F0B1F38A}
	EndGlobalSection
EndGlobal
